
Microsoft Visual Studio Solution File, Format Version 12.00
# Visual Studio Version 17
VisualStudioVersion = 17.1.32210.238
MinimumVisualStudioVersion = 10.0.40219.1
Project("{FAE04EC0-301F-11D3-BF4B-00C04F79EFBC}") = "LeaveManagement.Web", "LeaveManagement.Web\LeaveManagement.Web.csproj", "{D57334F8-49B5-4976-87B1-43E264A7AF15}"
EndProject
Global
	GlobalSection(SolutionConfigurationPlatforms) = preSolution
		Debug|Any CPU = Debug|Any CPU
		Release|Any CPU = Release|Any CPU
	EndGlobalSection
	GlobalSection(ProjectConfigurationPlatforms) = postSolution
		{D57334F8-49B5-4976-87B1-43E264A7AF15}.Debug|Any CPU.ActiveCfg = Debug|Any CPU
		{D57334F8-49B5-4976-87B1-43E264A7AF15}.Debug|Any CPU.Build.0 = Debug|Any CPU
		{D57334F8-49B5-4976-87B1-43E264A7AF15}.Release|Any CPU.ActiveCfg = Release|Any CPU
		{D57334F8-49B5-4976-87B1-43E264A7AF15}.Release|Any CPU.Build.0 = Release|Any CPU
	EndGlobalSection
	GlobalSection(SolutionProperties) = preSolution
		HideSolutionNode = FALSE
	EndGlobalSection
	GlobalSection(ExtensibilityGlobals) = postSolution
		SolutionGuid = {66C100B1-5676-4287-BF74-A68BE94018D8}
	EndGlobalSection
EndGlobal
